// !$*UTF8*$!
{
	archiveVersion = 1;
	classes = {
	};
	objectVersion = 55;
	objects = {

/* Begin PBXBuildFile section */
		0DA30CD69EBDD500CAB6B54A /* Pods_Dpath.framework in Frameworks */ = {isa = PBXBuildFile; fileRef = 9A8BF2805690827FA1008017 /* Pods_Dpath.framework */; };
		70DAC4D42838C44300A8E169 /* HomeCardViewController.swift in Sources */ = {isa = PBXBuildFile; fileRef = 70DAC4D32838C44300A8E169 /* HomeCardViewController.swift */; };
		70DAC4D72838C4C800A8E169 /* RootViewController.swift in Sources */ = {isa = PBXBuildFile; fileRef = 70DAC4D62838C4C800A8E169 /* RootViewController.swift */; };
		70EEB12E2838CAAE00F21C41 /* CalendarViewController.swift in Sources */ = {isa = PBXBuildFile; fileRef = 70EEB12D2838CAAE00F21C41 /* CalendarViewController.swift */; };
		70EEB1312838CBDB00F21C41 /* CommunityViewController.swift in Sources */ = {isa = PBXBuildFile; fileRef = 70EEB1302838CBDB00F21C41 /* CommunityViewController.swift */; };
		70EEB1332838CE8600F21C41 /* TmpViewController.swift in Sources */ = {isa = PBXBuildFile; fileRef = 70EEB1322838CE8600F21C41 /* TmpViewController.swift */; };
		B64E60592838AE680077FCDA /* AppDelegate.swift in Sources */ = {isa = PBXBuildFile; fileRef = B64E60582838AE680077FCDA /* AppDelegate.swift */; };
		B64E605B2838AE690077FCDA /* SceneDelegate.swift in Sources */ = {isa = PBXBuildFile; fileRef = B64E605A2838AE690077FCDA /* SceneDelegate.swift */; };
		B64E60622838AE6C0077FCDA /* Assets.xcassets in Resources */ = {isa = PBXBuildFile; fileRef = B64E60612838AE6C0077FCDA /* Assets.xcassets */; };
		B64E60652838AE6C0077FCDA /* LaunchScreen.storyboard in Resources */ = {isa = PBXBuildFile; fileRef = B64E60632838AE6C0077FCDA /* LaunchScreen.storyboard */; };
		B64E60712838AF740077FCDA /* Color.swift in Sources */ = {isa = PBXBuildFile; fileRef = B64E606D2838AF730077FCDA /* Color.swift */; };
		B64E60722838AF740077FCDA /* UIViewController.swift in Sources */ = {isa = PBXBuildFile; fileRef = B64E606E2838AF730077FCDA /* UIViewController.swift */; };
		B64E60732838AF740077FCDA /* UIVIew.swift in Sources */ = {isa = PBXBuildFile; fileRef = B64E606F2838AF730077FCDA /* UIVIew.swift */; };
		B64E60742838AF740077FCDA /* Date.swift in Sources */ = {isa = PBXBuildFile; fileRef = B64E60702838AF730077FCDA /* Date.swift */; };
		B64E60762838B6370077FCDA /* IndicatorView.swift in Sources */ = {isa = PBXBuildFile; fileRef = B64E60752838B6370077FCDA /* IndicatorView.swift */; };
		B64E60782838B6490077FCDA /* NetworkManager.swift in Sources */ = {isa = PBXBuildFile; fileRef = B64E60772838B6490077FCDA /* NetworkManager.swift */; };
		B64E60872838CF240077FCDA /* HomeCardView.swift in Sources */ = {isa = PBXBuildFile; fileRef = B64E60862838CF240077FCDA /* HomeCardView.swift */; };
		B64E60892838D0FD0077FCDA /* BasicView.swift in Sources */ = {isa = PBXBuildFile; fileRef = B64E60882838D0FD0077FCDA /* BasicView.swift */; };
		B64E608C2838D26C0077FCDA /* HomeCardCell.swift in Sources */ = {isa = PBXBuildFile; fileRef = B64E608B2838D26C0077FCDA /* HomeCardCell.swift */; };
		B64E608E2838D2EE0077FCDA /* CoverView.swift in Sources */ = {isa = PBXBuildFile; fileRef = B64E608D2838D2EE0077FCDA /* CoverView.swift */; };
		B64E60952838E9B40077FCDA /* CalendarViewModel.swift in Sources */ = {isa = PBXBuildFile; fileRef = B64E60932838E9B30077FCDA /* CalendarViewModel.swift */; };
		B64E60962838E9B40077FCDA /* ViewModel.swift in Sources */ = {isa = PBXBuildFile; fileRef = B64E60942838E9B30077FCDA /* ViewModel.swift */; };
		B64E609E2838E9EE0077FCDA /* CalendarCollectionViewCell.swift in Sources */ = {isa = PBXBuildFile; fileRef = B64E60992838E9EE0077FCDA /* CalendarCollectionViewCell.swift */; };
		B64E609F2838E9EE0077FCDA /* FestivalTableViewAdaptor.swift in Sources */ = {isa = PBXBuildFile; fileRef = B64E609A2838E9EE0077FCDA /* FestivalTableViewAdaptor.swift */; };
		B64E60A02838E9EE0077FCDA /* FestivalTableViewCell.swift in Sources */ = {isa = PBXBuildFile; fileRef = B64E609B2838E9EE0077FCDA /* FestivalTableViewCell.swift */; };
		B64E60A12838E9EE0077FCDA /* CalendarCollectionViewApdator.swift in Sources */ = {isa = PBXBuildFile; fileRef = B64E609C2838E9EE0077FCDA /* CalendarCollectionViewApdator.swift */; };
		B64E60A22838E9EE0077FCDA /* BottomSheetView.swift in Sources */ = {isa = PBXBuildFile; fileRef = B64E609D2838E9EE0077FCDA /* BottomSheetView.swift */; };
		B64E60A42838EA3D0077FCDA /* Log.swift in Sources */ = {isa = PBXBuildFile; fileRef = B64E60A32838EA3D0077FCDA /* Log.swift */; };
		B64E60A82838FC130077FCDA /* ProfileViewController.swift in Sources */ = {isa = PBXBuildFile; fileRef = B64E60A72838FC130077FCDA /* ProfileViewController.swift */; };
		B64E60AA2838FC5A0077FCDA /* ChatViewController.swift in Sources */ = {isa = PBXBuildFile; fileRef = B64E60A92838FC5A0077FCDA /* ChatViewController.swift */; };
		B64E60AD2838FD8B0077FCDA /* LoginViewController.swift in Sources */ = {isa = PBXBuildFile; fileRef = B64E60AC2838FD8B0077FCDA /* LoginViewController.swift */; };
		B64E60AF28390A560077FCDA /* CardDetailViewController.swift in Sources */ = {isa = PBXBuildFile; fileRef = B64E60AE28390A560077FCDA /* CardDetailViewController.swift */; };
		B64E60B128390C080077FCDA /* CardDetailView.swift in Sources */ = {isa = PBXBuildFile; fileRef = B64E60B028390C070077FCDA /* CardDetailView.swift */; };
		B64E60B328390D710077FCDA /* CircleTagView.swift in Sources */ = {isa = PBXBuildFile; fileRef = B64E60B228390D710077FCDA /* CircleTagView.swift */; };
		B64E60B528390D7C0077FCDA /* WeekLabelView.swift in Sources */ = {isa = PBXBuildFile; fileRef = B64E60B428390D7A0077FCDA /* WeekLabelView.swift */; };
		B64E60B7283910C10077FCDA /* CardView.swift in Sources */ = {isa = PBXBuildFile; fileRef = B64E60B6283910C10077FCDA /* CardView.swift */; };
		B64E60BB283936DE0077FCDA /* PostTableViewCell.swift in Sources */ = {isa = PBXBuildFile; fileRef = B64E60B9283936DE0077FCDA /* PostTableViewCell.swift */; };
		B64E60BC283936DE0077FCDA /* PostTableViewAdaptor.swift in Sources */ = {isa = PBXBuildFile; fileRef = B64E60BA283936DE0077FCDA /* PostTableViewAdaptor.swift */; };
		B64E60BE283936FF0077FCDA /* CommunityDetailViewController.swift in Sources */ = {isa = PBXBuildFile; fileRef = B64E60BD283936FF0077FCDA /* CommunityDetailViewController.swift */; };
		B64E60C028393B6A0077FCDA /* ImageName.swift in Sources */ = {isa = PBXBuildFile; fileRef = B64E60BF28393B6A0077FCDA /* ImageName.swift */; };
		B64E60C2283953360077FCDA /* CommunityDetailView.swift in Sources */ = {isa = PBXBuildFile; fileRef = B64E60C1283953350077FCDA /* CommunityDetailView.swift */; };
		B64E60C4283953A70077FCDA /* CommunityDetailBottomView.swift in Sources */ = {isa = PBXBuildFile; fileRef = B64E60C3283953A70077FCDA /* CommunityDetailBottomView.swift */; };
		B64E60C6283954770077FCDA /* Constant.swift in Sources */ = {isa = PBXBuildFile; fileRef = B64E60C5283954770077FCDA /* Constant.swift */; };
		B64E60C8283969360077FCDA /* UILabel.swift in Sources */ = {isa = PBXBuildFile; fileRef = B64E60C7283969350077FCDA /* UILabel.swift */; };
		B64E60CE2839697E0077FCDA /* MyChatTableViewCell.swift in Sources */ = {isa = PBXBuildFile; fileRef = B64E60CB2839697E0077FCDA /* MyChatTableViewCell.swift */; };
		B64E60CF2839697E0077FCDA /* OtherChatTableViewCell.swift in Sources */ = {isa = PBXBuildFile; fileRef = B64E60CC2839697E0077FCDA /* OtherChatTableViewCell.swift */; };
		B64E60D02839697E0077FCDA /* MyChatTableViewApdator.swift in Sources */ = {isa = PBXBuildFile; fileRef = B64E60CD2839697E0077FCDA /* MyChatTableViewApdator.swift */; };
		B64E60D328397D1F0077FCDA /* CardViewModel.swift in Sources */ = {isa = PBXBuildFile; fileRef = B64E60D228397D1F0077FCDA /* CardViewModel.swift */; };
		B64E60D528397D5F0077FCDA /* BasicViewModel.swift in Sources */ = {isa = PBXBuildFile; fileRef = B64E60D428397D5F0077FCDA /* BasicViewModel.swift */; };
		B64E60D828397DD60077FCDA /* APIManager.swift in Sources */ = {isa = PBXBuildFile; fileRef = B64E60D728397DD60077FCDA /* APIManager.swift */; };
		B64E60DA283980A20077FCDA /* Period.swift in Sources */ = {isa = PBXBuildFile; fileRef = B64E60D9283980A20077FCDA /* Period.swift */; };
		B64E60DC283985CF0077FCDA /* BasicViewController.swift in Sources */ = {isa = PBXBuildFile; fileRef = B64E60DB283985CF0077FCDA /* BasicViewController.swift */; };
		B64E60DF28398A5B0077FCDA /* PostViewController.swift in Sources */ = {isa = PBXBuildFile; fileRef = B64E60DE28398A5A0077FCDA /* PostViewController.swift */; };
		B64E60E228398AA80077FCDA /* PostView.swift in Sources */ = {isa = PBXBuildFile; fileRef = B64E60E128398AA80077FCDA /* PostView.swift */; };
		B64E60E528399A0C0077FCDA /* Model.swift in Sources */ = {isa = PBXBuildFile; fileRef = B64E60E428399A0A0077FCDA /* Model.swift */; };
		B64E60E728399B020077FCDA /* TargetType.swift in Sources */ = {isa = PBXBuildFile; fileRef = B64E60E628399B020077FCDA /* TargetType.swift */; };
		B64E60E928399B6F0077FCDA /* FestivalTarget.swift in Sources */ = {isa = PBXBuildFile; fileRef = B64E60E828399B6F0077FCDA /* FestivalTarget.swift */; };
		B64E60EB2839BCC20077FCDA /* SubModel.swift in Sources */ = {isa = PBXBuildFile; fileRef = B64E60EA2839BCC20077FCDA /* SubModel.swift */; };
		B64E60ED2839BEEB0077FCDA /* UIImage.swift in Sources */ = {isa = PBXBuildFile; fileRef = B64E60EC2839BEEA0077FCDA /* UIImage.swift */; };
		B678C8CA283BD7D30077D707 /* FestivalUseCase.swift in Sources */ = {isa = PBXBuildFile; fileRef = B678C8C9283BD7D20077D707 /* FestivalUseCase.swift */; };
		B678C8CD283BD8300077D707 /* FestivalRepository.swift in Sources */ = {isa = PBXBuildFile; fileRef = B678C8CC283BD8300077D707 /* FestivalRepository.swift */; };
		B678C8CF283BE3F60077D707 /* FestivalRepositoryImpl.swift in Sources */ = {isa = PBXBuildFile; fileRef = B678C8CE283BE3F60077D707 /* FestivalRepositoryImpl.swift */; };
/* End PBXBuildFile section */

/* Begin PBXFileReference section */
		2A6EC2B1EFBE1B640A1B85B0 /* Pods-Dpath.release.xcconfig */ = {isa = PBXFileReference; includeInIndex = 1; lastKnownFileType = text.xcconfig; name = "Pods-Dpath.release.xcconfig"; path = "Target Support Files/Pods-Dpath/Pods-Dpath.release.xcconfig"; sourceTree = "<group>"; };
		70DAC4D32838C44300A8E169 /* HomeCardViewController.swift */ = {isa = PBXFileReference; fileEncoding = 4; lastKnownFileType = sourcecode.swift; path = HomeCardViewController.swift; sourceTree = "<group>"; };
		70DAC4D62838C4C800A8E169 /* RootViewController.swift */ = {isa = PBXFileReference; lastKnownFileType = sourcecode.swift; path = RootViewController.swift; sourceTree = "<group>"; };
		70EEB12D2838CAAE00F21C41 /* CalendarViewController.swift */ = {isa = PBXFileReference; lastKnownFileType = sourcecode.swift; path = CalendarViewController.swift; sourceTree = "<group>"; };
		70EEB1302838CBDB00F21C41 /* CommunityViewController.swift */ = {isa = PBXFileReference; lastKnownFileType = sourcecode.swift; path = CommunityViewController.swift; sourceTree = "<group>"; };
		70EEB1322838CE8600F21C41 /* TmpViewController.swift */ = {isa = PBXFileReference; lastKnownFileType = sourcecode.swift; path = TmpViewController.swift; sourceTree = "<group>"; };
		9A8BF2805690827FA1008017 /* Pods_Dpath.framework */ = {isa = PBXFileReference; explicitFileType = wrapper.framework; includeInIndex = 0; path = Pods_Dpath.framework; sourceTree = BUILT_PRODUCTS_DIR; };
		B64E60552838AE680077FCDA /* Dpath.app */ = {isa = PBXFileReference; explicitFileType = wrapper.application; includeInIndex = 0; path = Dpath.app; sourceTree = BUILT_PRODUCTS_DIR; };
		B64E60582838AE680077FCDA /* AppDelegate.swift */ = {isa = PBXFileReference; lastKnownFileType = sourcecode.swift; path = AppDelegate.swift; sourceTree = "<group>"; };
		B64E605A2838AE690077FCDA /* SceneDelegate.swift */ = {isa = PBXFileReference; lastKnownFileType = sourcecode.swift; path = SceneDelegate.swift; sourceTree = "<group>"; };
		B64E60612838AE6C0077FCDA /* Assets.xcassets */ = {isa = PBXFileReference; lastKnownFileType = folder.assetcatalog; path = Assets.xcassets; sourceTree = "<group>"; };
		B64E60642838AE6C0077FCDA /* Base */ = {isa = PBXFileReference; lastKnownFileType = file.storyboard; name = Base; path = Base.lproj/LaunchScreen.storyboard; sourceTree = "<group>"; };
		B64E60662838AE6C0077FCDA /* Info.plist */ = {isa = PBXFileReference; lastKnownFileType = text.plist.xml; path = Info.plist; sourceTree = "<group>"; };
		B64E606D2838AF730077FCDA /* Color.swift */ = {isa = PBXFileReference; fileEncoding = 4; lastKnownFileType = sourcecode.swift; path = Color.swift; sourceTree = "<group>"; };
		B64E606E2838AF730077FCDA /* UIViewController.swift */ = {isa = PBXFileReference; fileEncoding = 4; lastKnownFileType = sourcecode.swift; path = UIViewController.swift; sourceTree = "<group>"; };
		B64E606F2838AF730077FCDA /* UIVIew.swift */ = {isa = PBXFileReference; fileEncoding = 4; lastKnownFileType = sourcecode.swift; path = UIVIew.swift; sourceTree = "<group>"; };
		B64E60702838AF730077FCDA /* Date.swift */ = {isa = PBXFileReference; fileEncoding = 4; lastKnownFileType = sourcecode.swift; path = Date.swift; sourceTree = "<group>"; };
		B64E60752838B6370077FCDA /* IndicatorView.swift */ = {isa = PBXFileReference; fileEncoding = 4; lastKnownFileType = sourcecode.swift; path = IndicatorView.swift; sourceTree = "<group>"; };
		B64E60772838B6490077FCDA /* NetworkManager.swift */ = {isa = PBXFileReference; fileEncoding = 4; lastKnownFileType = sourcecode.swift; path = NetworkManager.swift; sourceTree = "<group>"; };
		B64E60862838CF240077FCDA /* HomeCardView.swift */ = {isa = PBXFileReference; lastKnownFileType = sourcecode.swift; path = HomeCardView.swift; sourceTree = "<group>"; };
		B64E60882838D0FD0077FCDA /* BasicView.swift */ = {isa = PBXFileReference; lastKnownFileType = sourcecode.swift; path = BasicView.swift; sourceTree = "<group>"; };
		B64E608B2838D26C0077FCDA /* HomeCardCell.swift */ = {isa = PBXFileReference; lastKnownFileType = sourcecode.swift; path = HomeCardCell.swift; sourceTree = "<group>"; };
		B64E608D2838D2EE0077FCDA /* CoverView.swift */ = {isa = PBXFileReference; lastKnownFileType = sourcecode.swift; path = CoverView.swift; sourceTree = "<group>"; };
		B64E60932838E9B30077FCDA /* CalendarViewModel.swift */ = {isa = PBXFileReference; fileEncoding = 4; lastKnownFileType = sourcecode.swift; path = CalendarViewModel.swift; sourceTree = "<group>"; };
		B64E60942838E9B30077FCDA /* ViewModel.swift */ = {isa = PBXFileReference; fileEncoding = 4; lastKnownFileType = sourcecode.swift; path = ViewModel.swift; sourceTree = "<group>"; };
		B64E60992838E9EE0077FCDA /* CalendarCollectionViewCell.swift */ = {isa = PBXFileReference; fileEncoding = 4; lastKnownFileType = sourcecode.swift; path = CalendarCollectionViewCell.swift; sourceTree = "<group>"; };
		B64E609A2838E9EE0077FCDA /* FestivalTableViewAdaptor.swift */ = {isa = PBXFileReference; fileEncoding = 4; lastKnownFileType = sourcecode.swift; path = FestivalTableViewAdaptor.swift; sourceTree = "<group>"; };
		B64E609B2838E9EE0077FCDA /* FestivalTableViewCell.swift */ = {isa = PBXFileReference; fileEncoding = 4; lastKnownFileType = sourcecode.swift; path = FestivalTableViewCell.swift; sourceTree = "<group>"; };
		B64E609C2838E9EE0077FCDA /* CalendarCollectionViewApdator.swift */ = {isa = PBXFileReference; fileEncoding = 4; lastKnownFileType = sourcecode.swift; path = CalendarCollectionViewApdator.swift; sourceTree = "<group>"; };
		B64E609D2838E9EE0077FCDA /* BottomSheetView.swift */ = {isa = PBXFileReference; fileEncoding = 4; lastKnownFileType = sourcecode.swift; path = BottomSheetView.swift; sourceTree = "<group>"; };
		B64E60A32838EA3D0077FCDA /* Log.swift */ = {isa = PBXFileReference; fileEncoding = 4; lastKnownFileType = sourcecode.swift; path = Log.swift; sourceTree = "<group>"; };
		B64E60A72838FC130077FCDA /* ProfileViewController.swift */ = {isa = PBXFileReference; lastKnownFileType = sourcecode.swift; path = ProfileViewController.swift; sourceTree = "<group>"; };
		B64E60A92838FC5A0077FCDA /* ChatViewController.swift */ = {isa = PBXFileReference; lastKnownFileType = sourcecode.swift; path = ChatViewController.swift; sourceTree = "<group>"; };
		B64E60AC2838FD8B0077FCDA /* LoginViewController.swift */ = {isa = PBXFileReference; lastKnownFileType = sourcecode.swift; path = LoginViewController.swift; sourceTree = "<group>"; };
		B64E60AE28390A560077FCDA /* CardDetailViewController.swift */ = {isa = PBXFileReference; lastKnownFileType = sourcecode.swift; path = CardDetailViewController.swift; sourceTree = "<group>"; };
		B64E60B028390C070077FCDA /* CardDetailView.swift */ = {isa = PBXFileReference; lastKnownFileType = sourcecode.swift; path = CardDetailView.swift; sourceTree = "<group>"; };
		B64E60B228390D710077FCDA /* CircleTagView.swift */ = {isa = PBXFileReference; fileEncoding = 4; lastKnownFileType = sourcecode.swift; path = CircleTagView.swift; sourceTree = "<group>"; };
		B64E60B428390D7A0077FCDA /* WeekLabelView.swift */ = {isa = PBXFileReference; fileEncoding = 4; lastKnownFileType = sourcecode.swift; name = WeekLabelView.swift; path = Dpath/View/Calendar/WeekLabelView.swift; sourceTree = SOURCE_ROOT; };
		B64E60B6283910C10077FCDA /* CardView.swift */ = {isa = PBXFileReference; lastKnownFileType = sourcecode.swift; path = CardView.swift; sourceTree = "<group>"; };
		B64E60B9283936DE0077FCDA /* PostTableViewCell.swift */ = {isa = PBXFileReference; fileEncoding = 4; lastKnownFileType = sourcecode.swift; path = PostTableViewCell.swift; sourceTree = "<group>"; };
		B64E60BA283936DE0077FCDA /* PostTableViewAdaptor.swift */ = {isa = PBXFileReference; fileEncoding = 4; lastKnownFileType = sourcecode.swift; path = PostTableViewAdaptor.swift; sourceTree = "<group>"; };
		B64E60BD283936FF0077FCDA /* CommunityDetailViewController.swift */ = {isa = PBXFileReference; fileEncoding = 4; lastKnownFileType = sourcecode.swift; path = CommunityDetailViewController.swift; sourceTree = "<group>"; };
		B64E60BF28393B6A0077FCDA /* ImageName.swift */ = {isa = PBXFileReference; lastKnownFileType = sourcecode.swift; path = ImageName.swift; sourceTree = "<group>"; };
		B64E60C1283953350077FCDA /* CommunityDetailView.swift */ = {isa = PBXFileReference; lastKnownFileType = sourcecode.swift; path = CommunityDetailView.swift; sourceTree = "<group>"; };
		B64E60C3283953A70077FCDA /* CommunityDetailBottomView.swift */ = {isa = PBXFileReference; lastKnownFileType = sourcecode.swift; path = CommunityDetailBottomView.swift; sourceTree = "<group>"; };
		B64E60C5283954770077FCDA /* Constant.swift */ = {isa = PBXFileReference; lastKnownFileType = sourcecode.swift; path = Constant.swift; sourceTree = "<group>"; };
		B64E60C7283969350077FCDA /* UILabel.swift */ = {isa = PBXFileReference; fileEncoding = 4; lastKnownFileType = sourcecode.swift; path = UILabel.swift; sourceTree = "<group>"; };
		B64E60CB2839697E0077FCDA /* MyChatTableViewCell.swift */ = {isa = PBXFileReference; fileEncoding = 4; lastKnownFileType = sourcecode.swift; path = MyChatTableViewCell.swift; sourceTree = "<group>"; };
		B64E60CC2839697E0077FCDA /* OtherChatTableViewCell.swift */ = {isa = PBXFileReference; fileEncoding = 4; lastKnownFileType = sourcecode.swift; path = OtherChatTableViewCell.swift; sourceTree = "<group>"; };
		B64E60CD2839697E0077FCDA /* MyChatTableViewApdator.swift */ = {isa = PBXFileReference; fileEncoding = 4; lastKnownFileType = sourcecode.swift; path = MyChatTableViewApdator.swift; sourceTree = "<group>"; };
		B64E60D228397D1F0077FCDA /* CardViewModel.swift */ = {isa = PBXFileReference; lastKnownFileType = sourcecode.swift; path = CardViewModel.swift; sourceTree = "<group>"; };
		B64E60D428397D5F0077FCDA /* BasicViewModel.swift */ = {isa = PBXFileReference; lastKnownFileType = sourcecode.swift; path = BasicViewModel.swift; sourceTree = "<group>"; };
		B64E60D728397DD60077FCDA /* APIManager.swift */ = {isa = PBXFileReference; lastKnownFileType = sourcecode.swift; path = APIManager.swift; sourceTree = "<group>"; };
		B64E60D9283980A20077FCDA /* Period.swift */ = {isa = PBXFileReference; fileEncoding = 4; lastKnownFileType = sourcecode.swift; path = Period.swift; sourceTree = "<group>"; };
		B64E60DB283985CF0077FCDA /* BasicViewController.swift */ = {isa = PBXFileReference; lastKnownFileType = sourcecode.swift; path = BasicViewController.swift; sourceTree = "<group>"; };
		B64E60DE28398A5A0077FCDA /* PostViewController.swift */ = {isa = PBXFileReference; lastKnownFileType = sourcecode.swift; path = PostViewController.swift; sourceTree = "<group>"; };
		B64E60E128398AA80077FCDA /* PostView.swift */ = {isa = PBXFileReference; lastKnownFileType = sourcecode.swift; path = PostView.swift; sourceTree = "<group>"; };
		B64E60E428399A0A0077FCDA /* Model.swift */ = {isa = PBXFileReference; lastKnownFileType = sourcecode.swift; path = Model.swift; sourceTree = "<group>"; };
		B64E60E628399B020077FCDA /* TargetType.swift */ = {isa = PBXFileReference; lastKnownFileType = sourcecode.swift; path = TargetType.swift; sourceTree = "<group>"; };
		B64E60E828399B6F0077FCDA /* FestivalTarget.swift */ = {isa = PBXFileReference; lastKnownFileType = sourcecode.swift; path = FestivalTarget.swift; sourceTree = "<group>"; };
		B64E60EA2839BCC20077FCDA /* SubModel.swift */ = {isa = PBXFileReference; lastKnownFileType = sourcecode.swift; path = SubModel.swift; sourceTree = "<group>"; };
		B64E60EC2839BEEA0077FCDA /* UIImage.swift */ = {isa = PBXFileReference; fileEncoding = 4; lastKnownFileType = sourcecode.swift; path = UIImage.swift; sourceTree = "<group>"; };
		B678C8C9283BD7D20077D707 /* FestivalUseCase.swift */ = {isa = PBXFileReference; lastKnownFileType = sourcecode.swift; path = FestivalUseCase.swift; sourceTree = "<group>"; };
		B678C8CC283BD8300077D707 /* FestivalRepository.swift */ = {isa = PBXFileReference; lastKnownFileType = sourcecode.swift; path = FestivalRepository.swift; sourceTree = "<group>"; };
		B678C8CE283BE3F60077D707 /* FestivalRepositoryImpl.swift */ = {isa = PBXFileReference; lastKnownFileType = sourcecode.swift; path = FestivalRepositoryImpl.swift; sourceTree = "<group>"; };
		E731B4E151B6361AEE990CA3 /* Pods-Dpath.debug.xcconfig */ = {isa = PBXFileReference; includeInIndex = 1; lastKnownFileType = text.xcconfig; name = "Pods-Dpath.debug.xcconfig"; path = "Target Support Files/Pods-Dpath/Pods-Dpath.debug.xcconfig"; sourceTree = "<group>"; };
/* End PBXFileReference section */

/* Begin PBXFrameworksBuildPhase section */
		B64E60522838AE680077FCDA /* Frameworks */ = {
			isa = PBXFrameworksBuildPhase;
			buildActionMask = 2147483647;
			files = (
				0DA30CD69EBDD500CAB6B54A /* Pods_Dpath.framework in Frameworks */,
			);
			runOnlyForDeploymentPostprocessing = 0;
		};
/* End PBXFrameworksBuildPhase section */

/* Begin PBXGroup section */
		2349F0A7376AE651EE6B8F6D /* Frameworks */ = {
			isa = PBXGroup;
			children = (
				9A8BF2805690827FA1008017 /* Pods_Dpath.framework */,
			);
			name = Frameworks;
			sourceTree = "<group>";
		};
		62AC5D2CA0AB84273EB9EF0A /* Pods */ = {
			isa = PBXGroup;
			children = (
				E731B4E151B6361AEE990CA3 /* Pods-Dpath.debug.xcconfig */,
				2A6EC2B1EFBE1B640A1B85B0 /* Pods-Dpath.release.xcconfig */,
			);
			path = Pods;
			sourceTree = "<group>";
		};
		70DAC4D52838C4BD00A8E169 /* ViewController */ = {
			isa = PBXGroup;
			children = (
				B64E60DD28398A260077FCDA /* Post */,
				B64E60DB283985CF0077FCDA /* BasicViewController.swift */,
				B64E60AB2838FD700077FCDA /* Login */,
				B64E60A62838FBF80077FCDA /* Profile */,
				B64E60A52838FBF50077FCDA /* Chat */,
				B64E60842838CEED0077FCDA /* Card */,
				70EEB12F2838CBCF00F21C41 /* Community */,
				70DAC4D92838C4F200A8E169 /* Calendar */,
				70DAC4D82838C4ED00A8E169 /* Root */,
			);
			path = ViewController;
			sourceTree = "<group>";
		};
		70DAC4D82838C4ED00A8E169 /* Root */ = {
			isa = PBXGroup;
			children = (
				70DAC4D62838C4C800A8E169 /* RootViewController.swift */,
			);
			path = Root;
			sourceTree = "<group>";
		};
		70DAC4D92838C4F200A8E169 /* Calendar */ = {
			isa = PBXGroup;
			children = (
				70EEB12D2838CAAE00F21C41 /* CalendarViewController.swift */,
			);
			path = Calendar;
			sourceTree = "<group>";
		};
		70EEB12F2838CBCF00F21C41 /* Community */ = {
			isa = PBXGroup;
			children = (
				70EEB1302838CBDB00F21C41 /* CommunityViewController.swift */,
				70EEB1322838CE8600F21C41 /* TmpViewController.swift */,
				B64E60BD283936FF0077FCDA /* CommunityDetailViewController.swift */,
			);
			path = Community;
			sourceTree = "<group>";
		};
		B64E604C2838AE680077FCDA = {
			isa = PBXGroup;
			children = (
				B64E60572838AE680077FCDA /* Dpath */,
				B64E60562838AE680077FCDA /* Products */,
				62AC5D2CA0AB84273EB9EF0A /* Pods */,
				2349F0A7376AE651EE6B8F6D /* Frameworks */,
			);
			sourceTree = "<group>";
		};
		B64E60562838AE680077FCDA /* Products */ = {
			isa = PBXGroup;
			children = (
				B64E60552838AE680077FCDA /* Dpath.app */,
			);
			name = Products;
			sourceTree = "<group>";
		};
		B64E60572838AE680077FCDA /* Dpath */ = {
			isa = PBXGroup;
			children = (
				B678C8CB283BD7F60077D707 /* Repository */,
				B678C8C8283BD7B70077D707 /* UseCase */,
				B64E60E3283999F30077FCDA /* Model */,
				B64E60D628397DBD0077FCDA /* API */,
				B64E60912838E9B30077FCDA /* ViewModel */,
				B64E60852838CF0E0077FCDA /* View */,
				70DAC4D52838C4BD00A8E169 /* ViewController */,
				B64E606C2838AF070077FCDA /* Extension */,
				B64E60582838AE680077FCDA /* AppDelegate.swift */,
				B64E605A2838AE690077FCDA /* SceneDelegate.swift */,
				B64E60612838AE6C0077FCDA /* Assets.xcassets */,
				B64E60632838AE6C0077FCDA /* LaunchScreen.storyboard */,
				B64E60662838AE6C0077FCDA /* Info.plist */,
			);
			path = Dpath;
			sourceTree = "<group>";
		};
		B64E606C2838AF070077FCDA /* Extension */ = {
			isa = PBXGroup;
			children = (
				B64E606D2838AF730077FCDA /* Color.swift */,
				B64E60702838AF730077FCDA /* Date.swift */,
				B64E606F2838AF730077FCDA /* UIVIew.swift */,
				B64E60EC2839BEEA0077FCDA /* UIImage.swift */,
				B64E606E2838AF730077FCDA /* UIViewController.swift */,
				B64E60752838B6370077FCDA /* IndicatorView.swift */,
				B64E60A32838EA3D0077FCDA /* Log.swift */,
				B64E60772838B6490077FCDA /* NetworkManager.swift */,
				B64E60BF28393B6A0077FCDA /* ImageName.swift */,
				B64E60C5283954770077FCDA /* Constant.swift */,
				B64E60C7283969350077FCDA /* UILabel.swift */,
				B64E60D9283980A20077FCDA /* Period.swift */,
			);
			path = Extension;
			sourceTree = "<group>";
		};
		B64E60842838CEED0077FCDA /* Card */ = {
			isa = PBXGroup;
			children = (
				70DAC4D32838C44300A8E169 /* HomeCardViewController.swift */,
				B64E60AE28390A560077FCDA /* CardDetailViewController.swift */,
			);
			path = Card;
			sourceTree = "<group>";
		};
		B64E60852838CF0E0077FCDA /* View */ = {
			isa = PBXGroup;
			children = (
				B64E60E028398A900077FCDA /* PostView */,
				B64E60882838D0FD0077FCDA /* BasicView.swift */,
				B64E60C92839697E0077FCDA /* Chat */,
				B64E60972838E9EE0077FCDA /* Calendar */,
				B64E608A2838D2160077FCDA /* CardView */,
			);
			path = View;
			sourceTree = "<group>";
		};
		B64E608A2838D2160077FCDA /* CardView */ = {
			isa = PBXGroup;
			children = (
				B64E60862838CF240077FCDA /* HomeCardView.swift */,
				B64E608B2838D26C0077FCDA /* HomeCardCell.swift */,
				B64E608D2838D2EE0077FCDA /* CoverView.swift */,
				B64E60B028390C070077FCDA /* CardDetailView.swift */,
				B64E60B6283910C10077FCDA /* CardView.swift */,
				B64E60B8283936DE0077FCDA /* Community */,
			);
			path = CardView;
			sourceTree = "<group>";
		};
		B64E60912838E9B30077FCDA /* ViewModel */ = {
			isa = PBXGroup;
			children = (
				B64E60D128397C940077FCDA /* Card */,
				B64E60922838E9B30077FCDA /* Calendar */,
				B64E60942838E9B30077FCDA /* ViewModel.swift */,
				B64E60D428397D5F0077FCDA /* BasicViewModel.swift */,
			);
			path = ViewModel;
			sourceTree = "<group>";
		};
		B64E60922838E9B30077FCDA /* Calendar */ = {
			isa = PBXGroup;
			children = (
				B64E60932838E9B30077FCDA /* CalendarViewModel.swift */,
			);
			path = Calendar;
			sourceTree = "<group>";
		};
		B64E60972838E9EE0077FCDA /* Calendar */ = {
			isa = PBXGroup;
			children = (
				B64E60982838E9EE0077FCDA /* Cell */,
				B64E609D2838E9EE0077FCDA /* BottomSheetView.swift */,
				B64E60B428390D7A0077FCDA /* WeekLabelView.swift */,
				B64E60B228390D710077FCDA /* CircleTagView.swift */,
			);
			path = Calendar;
			sourceTree = "<group>";
		};
		B64E60982838E9EE0077FCDA /* Cell */ = {
			isa = PBXGroup;
			children = (
				B64E60992838E9EE0077FCDA /* CalendarCollectionViewCell.swift */,
				B64E609A2838E9EE0077FCDA /* FestivalTableViewAdaptor.swift */,
				B64E609B2838E9EE0077FCDA /* FestivalTableViewCell.swift */,
				B64E609C2838E9EE0077FCDA /* CalendarCollectionViewApdator.swift */,
			);
			path = Cell;
			sourceTree = "<group>";
		};
		B64E60A52838FBF50077FCDA /* Chat */ = {
			isa = PBXGroup;
			children = (
				B64E60A92838FC5A0077FCDA /* ChatViewController.swift */,
			);
			path = Chat;
			sourceTree = "<group>";
		};
		B64E60A62838FBF80077FCDA /* Profile */ = {
			isa = PBXGroup;
			children = (
				B64E60A72838FC130077FCDA /* ProfileViewController.swift */,
			);
			path = Profile;
			sourceTree = "<group>";
		};
		B64E60AB2838FD700077FCDA /* Login */ = {
			isa = PBXGroup;
			children = (
				B64E60AC2838FD8B0077FCDA /* LoginViewController.swift */,
			);
			path = Login;
			sourceTree = "<group>";
		};
		B64E60B8283936DE0077FCDA /* Community */ = {
			isa = PBXGroup;
			children = (
				B64E60B9283936DE0077FCDA /* PostTableViewCell.swift */,
				B64E60BA283936DE0077FCDA /* PostTableViewAdaptor.swift */,
				B64E60C1283953350077FCDA /* CommunityDetailView.swift */,
				B64E60C3283953A70077FCDA /* CommunityDetailBottomView.swift */,
			);
			name = Community;
			path = Dpath/View/Community;
			sourceTree = SOURCE_ROOT;
		};
		B64E60C92839697E0077FCDA /* Chat */ = {
			isa = PBXGroup;
			children = (
				B64E60CA2839697E0077FCDA /* Cell */,
			);
			path = Chat;
			sourceTree = "<group>";
		};
		B64E60CA2839697E0077FCDA /* Cell */ = {
			isa = PBXGroup;
			children = (
				B64E60CB2839697E0077FCDA /* MyChatTableViewCell.swift */,
				B64E60CC2839697E0077FCDA /* OtherChatTableViewCell.swift */,
				B64E60CD2839697E0077FCDA /* MyChatTableViewApdator.swift */,
			);
			path = Cell;
			sourceTree = "<group>";
		};
		B64E60D128397C940077FCDA /* Card */ = {
			isa = PBXGroup;
			children = (
				B64E60D228397D1F0077FCDA /* CardViewModel.swift */,
			);
			path = Card;
			sourceTree = "<group>";
		};
		B64E60D628397DBD0077FCDA /* API */ = {
			isa = PBXGroup;
			children = (
				B64E60D728397DD60077FCDA /* APIManager.swift */,
				B64E60E628399B020077FCDA /* TargetType.swift */,
				B64E60E828399B6F0077FCDA /* FestivalTarget.swift */,
			);
			path = API;
			sourceTree = "<group>";
		};
		B64E60DD28398A260077FCDA /* Post */ = {
			isa = PBXGroup;
			children = (
				B64E60DE28398A5A0077FCDA /* PostViewController.swift */,
			);
			path = Post;
			sourceTree = "<group>";
		};
		B64E60E028398A900077FCDA /* PostView */ = {
			isa = PBXGroup;
			children = (
				B64E60E128398AA80077FCDA /* PostView.swift */,
			);
			path = PostView;
			sourceTree = "<group>";
		};
		B64E60E3283999F30077FCDA /* Model */ = {
			isa = PBXGroup;
			children = (
				B64E60E428399A0A0077FCDA /* Model.swift */,
				B64E60EA2839BCC20077FCDA /* SubModel.swift */,
			);
			path = Model;
			sourceTree = "<group>";
		};
		B678C8C8283BD7B70077D707 /* UseCase */ = {
			isa = PBXGroup;
			children = (
				B678C8C9283BD7D20077D707 /* FestivalUseCase.swift */,
			);
			path = UseCase;
			sourceTree = "<group>";
		};
		B678C8CB283BD7F60077D707 /* Repository */ = {
			isa = PBXGroup;
			children = (
				B678C8CC283BD8300077D707 /* FestivalRepository.swift */,
				B678C8CE283BE3F60077D707 /* FestivalRepositoryImpl.swift */,
			);
			path = Repository;
			sourceTree = "<group>";
		};
/* End PBXGroup section */

/* Begin PBXNativeTarget section */
		B64E60542838AE680077FCDA /* Dpath */ = {
			isa = PBXNativeTarget;
			buildConfigurationList = B64E60692838AE6C0077FCDA /* Build configuration list for PBXNativeTarget "Dpath" */;
			buildPhases = (
				FD2F31D6F7E3829770C1819C /* [CP] Check Pods Manifest.lock */,
				B64E60512838AE680077FCDA /* Sources */,
				B64E60522838AE680077FCDA /* Frameworks */,
				B64E60532838AE680077FCDA /* Resources */,
				08FEA15EA6266215BA816FED /* [CP] Embed Pods Frameworks */,
			);
			buildRules = (
			);
			dependencies = (
			);
			name = Dpath;
			productName = Dpath;
			productReference = B64E60552838AE680077FCDA /* Dpath.app */;
			productType = "com.apple.product-type.application";
		};
/* End PBXNativeTarget section */

/* Begin PBXProject section */
		B64E604D2838AE680077FCDA /* Project object */ = {
			isa = PBXProject;
			attributes = {
				BuildIndependentTargetsInParallel = 1;
				LastSwiftUpdateCheck = 1320;
				LastUpgradeCheck = 1320;
				TargetAttributes = {
					B64E60542838AE680077FCDA = {
						CreatedOnToolsVersion = 13.2.1;
					};
				};
			};
			buildConfigurationList = B64E60502838AE680077FCDA /* Build configuration list for PBXProject "Dpath" */;
			compatibilityVersion = "Xcode 13.0";
			developmentRegion = en;
			hasScannedForEncodings = 0;
			knownRegions = (
				en,
				Base,
			);
			mainGroup = B64E604C2838AE680077FCDA;
			productRefGroup = B64E60562838AE680077FCDA /* Products */;
			projectDirPath = "";
			projectRoot = "";
			targets = (
				B64E60542838AE680077FCDA /* Dpath */,
			);
		};
/* End PBXProject section */

/* Begin PBXResourcesBuildPhase section */
		B64E60532838AE680077FCDA /* Resources */ = {
			isa = PBXResourcesBuildPhase;
			buildActionMask = 2147483647;
			files = (
				B64E60652838AE6C0077FCDA /* LaunchScreen.storyboard in Resources */,
				B64E60622838AE6C0077FCDA /* Assets.xcassets in Resources */,
			);
			runOnlyForDeploymentPostprocessing = 0;
		};
/* End PBXResourcesBuildPhase section */

/* Begin PBXShellScriptBuildPhase section */
		08FEA15EA6266215BA816FED /* [CP] Embed Pods Frameworks */ = {
			isa = PBXShellScriptBuildPhase;
			buildActionMask = 2147483647;
			files = (
			);
			inputFileListPaths = (
				"${PODS_ROOT}/Target Support Files/Pods-Dpath/Pods-Dpath-frameworks-${CONFIGURATION}-input-files.xcfilelist",
			);
			name = "[CP] Embed Pods Frameworks";
			outputFileListPaths = (
				"${PODS_ROOT}/Target Support Files/Pods-Dpath/Pods-Dpath-frameworks-${CONFIGURATION}-output-files.xcfilelist",
			);
			runOnlyForDeploymentPostprocessing = 0;
			shellPath = /bin/sh;
			shellScript = "\"${PODS_ROOT}/Target Support Files/Pods-Dpath/Pods-Dpath-frameworks.sh\"\n";
			showEnvVarsInLog = 0;
		};
		FD2F31D6F7E3829770C1819C /* [CP] Check Pods Manifest.lock */ = {
			isa = PBXShellScriptBuildPhase;
			buildActionMask = 2147483647;
			files = (
			);
			inputFileListPaths = (
			);
			inputPaths = (
				"${PODS_PODFILE_DIR_PATH}/Podfile.lock",
				"${PODS_ROOT}/Manifest.lock",
			);
			name = "[CP] Check Pods Manifest.lock";
			outputFileListPaths = (
			);
			outputPaths = (
				"$(DERIVED_FILE_DIR)/Pods-Dpath-checkManifestLockResult.txt",
			);
			runOnlyForDeploymentPostprocessing = 0;
			shellPath = /bin/sh;
			shellScript = "diff \"${PODS_PODFILE_DIR_PATH}/Podfile.lock\" \"${PODS_ROOT}/Manifest.lock\" > /dev/null\nif [ $? != 0 ] ; then\n    # print error to STDERR\n    echo \"error: The sandbox is not in sync with the Podfile.lock. Run 'pod install' or update your CocoaPods installation.\" >&2\n    exit 1\nfi\n# This output is used by Xcode 'outputs' to avoid re-running this script phase.\necho \"SUCCESS\" > \"${SCRIPT_OUTPUT_FILE_0}\"\n";
			showEnvVarsInLog = 0;
		};
/* End PBXShellScriptBuildPhase section */

/* Begin PBXSourcesBuildPhase section */
		B64E60512838AE680077FCDA /* Sources */ = {
			isa = PBXSourcesBuildPhase;
			buildActionMask = 2147483647;
			files = (
				B64E60AD2838FD8B0077FCDA /* LoginViewController.swift in Sources */,
				B678C8CD283BD8300077D707 /* FestivalRepository.swift in Sources */,
				B64E60C028393B6A0077FCDA /* ImageName.swift in Sources */,
				B64E60A02838E9EE0077FCDA /* FestivalTableViewCell.swift in Sources */,
				70EEB12E2838CAAE00F21C41 /* CalendarViewController.swift in Sources */,
				B64E60DF28398A5B0077FCDA /* PostViewController.swift in Sources */,
				B64E60D828397DD60077FCDA /* APIManager.swift in Sources */,
				B64E60A42838EA3D0077FCDA /* Log.swift in Sources */,
				B64E608C2838D26C0077FCDA /* HomeCardCell.swift in Sources */,
				B64E608E2838D2EE0077FCDA /* CoverView.swift in Sources */,
				B64E60782838B6490077FCDA /* NetworkManager.swift in Sources */,
				B64E60A82838FC130077FCDA /* ProfileViewController.swift in Sources */,
				B64E60DA283980A20077FCDA /* Period.swift in Sources */,
				70EEB1332838CE8600F21C41 /* TmpViewController.swift in Sources */,
				B64E60732838AF740077FCDA /* UIVIew.swift in Sources */,
				B64E60E928399B6F0077FCDA /* FestivalTarget.swift in Sources */,
				B64E60AA2838FC5A0077FCDA /* ChatViewController.swift in Sources */,
				B64E60872838CF240077FCDA /* HomeCardView.swift in Sources */,
				B64E60D528397D5F0077FCDA /* BasicViewModel.swift in Sources */,
				B64E60CF2839697E0077FCDA /* OtherChatTableViewCell.swift in Sources */,
				B64E60CE2839697E0077FCDA /* MyChatTableViewCell.swift in Sources */,
				B64E60E528399A0C0077FCDA /* Model.swift in Sources */,
				B64E60E728399B020077FCDA /* TargetType.swift in Sources */,
				70DAC4D72838C4C800A8E169 /* RootViewController.swift in Sources */,
				B64E60A12838E9EE0077FCDA /* CalendarCollectionViewApdator.swift in Sources */,
				70DAC4D42838C44300A8E169 /* HomeCardViewController.swift in Sources */,
				B64E60C8283969360077FCDA /* UILabel.swift in Sources */,
				B64E60962838E9B40077FCDA /* ViewModel.swift in Sources */,
				B64E60742838AF740077FCDA /* Date.swift in Sources */,
				B64E60712838AF740077FCDA /* Color.swift in Sources */,
				B64E60592838AE680077FCDA /* AppDelegate.swift in Sources */,
				B64E60BB283936DE0077FCDA /* PostTableViewCell.swift in Sources */,
				B64E60DC283985CF0077FCDA /* BasicViewController.swift in Sources */,
				B64E60A22838E9EE0077FCDA /* BottomSheetView.swift in Sources */,
				B64E60952838E9B40077FCDA /* CalendarViewModel.swift in Sources */,
				B64E60B528390D7C0077FCDA /* WeekLabelView.swift in Sources */,
				B64E60D02839697E0077FCDA /* MyChatTableViewApdator.swift in Sources */,
				B64E609E2838E9EE0077FCDA /* CalendarCollectionViewCell.swift in Sources */,
				B64E60C4283953A70077FCDA /* CommunityDetailBottomView.swift in Sources */,
				70EEB1312838CBDB00F21C41 /* CommunityViewController.swift in Sources */,
				B64E60C6283954770077FCDA /* Constant.swift in Sources */,
				B64E605B2838AE690077FCDA /* SceneDelegate.swift in Sources */,
				B64E60ED2839BEEB0077FCDA /* UIImage.swift in Sources */,
				B64E60AF28390A560077FCDA /* CardDetailViewController.swift in Sources */,
				B64E60762838B6370077FCDA /* IndicatorView.swift in Sources */,
				B64E609F2838E9EE0077FCDA /* FestivalTableViewAdaptor.swift in Sources */,
				B64E60B328390D710077FCDA /* CircleTagView.swift in Sources */,
				B64E60C2283953360077FCDA /* CommunityDetailView.swift in Sources */,
				B64E60E228398AA80077FCDA /* PostView.swift in Sources */,
				B64E60B128390C080077FCDA /* CardDetailView.swift in Sources */,
				B64E60722838AF740077FCDA /* UIViewController.swift in Sources */,
				B64E60B7283910C10077FCDA /* CardView.swift in Sources */,
				B64E60BE283936FF0077FCDA /* CommunityDetailViewController.swift in Sources */,
				B64E60EB2839BCC20077FCDA /* SubModel.swift in Sources */,
				B64E60892838D0FD0077FCDA /* BasicView.swift in Sources */,
				B64E60BC283936DE0077FCDA /* PostTableViewAdaptor.swift in Sources */,
				B678C8CF283BE3F60077D707 /* FestivalRepositoryImpl.swift in Sources */,
				B678C8CA283BD7D30077D707 /* FestivalUseCase.swift in Sources */,
				B64E60D328397D1F0077FCDA /* CardViewModel.swift in Sources */,
			);
			runOnlyForDeploymentPostprocessing = 0;
		};
/* End PBXSourcesBuildPhase section */

/* Begin PBXVariantGroup section */
		B64E60632838AE6C0077FCDA /* LaunchScreen.storyboard */ = {
			isa = PBXVariantGroup;
			children = (
				B64E60642838AE6C0077FCDA /* Base */,
			);
			name = LaunchScreen.storyboard;
			sourceTree = "<group>";
		};
/* End PBXVariantGroup section */

/* Begin XCBuildConfiguration section */
		B64E60672838AE6C0077FCDA /* Debug */ = {
			isa = XCBuildConfiguration;
			buildSettings = {
				ALWAYS_SEARCH_USER_PATHS = NO;
				CLANG_ANALYZER_NONNULL = YES;
				CLANG_ANALYZER_NUMBER_OBJECT_CONVERSION = YES_AGGRESSIVE;
				CLANG_CXX_LANGUAGE_STANDARD = "gnu++17";
				CLANG_CXX_LIBRARY = "libc++";
				CLANG_ENABLE_MODULES = YES;
				CLANG_ENABLE_OBJC_ARC = YES;
				CLANG_ENABLE_OBJC_WEAK = YES;
				CLANG_WARN_BLOCK_CAPTURE_AUTORELEASING = YES;
				CLANG_WARN_BOOL_CONVERSION = YES;
				CLANG_WARN_COMMA = YES;
				CLANG_WARN_CONSTANT_CONVERSION = YES;
				CLANG_WARN_DEPRECATED_OBJC_IMPLEMENTATIONS = YES;
				CLANG_WARN_DIRECT_OBJC_ISA_USAGE = YES_ERROR;
				CLANG_WARN_DOCUMENTATION_COMMENTS = YES;
				CLANG_WARN_EMPTY_BODY = YES;
				CLANG_WARN_ENUM_CONVERSION = YES;
				CLANG_WARN_INFINITE_RECURSION = YES;
				CLANG_WARN_INT_CONVERSION = YES;
				CLANG_WARN_NON_LITERAL_NULL_CONVERSION = YES;
				CLANG_WARN_OBJC_IMPLICIT_RETAIN_SELF = YES;
				CLANG_WARN_OBJC_LITERAL_CONVERSION = YES;
				CLANG_WARN_OBJC_ROOT_CLASS = YES_ERROR;
				CLANG_WARN_QUOTED_INCLUDE_IN_FRAMEWORK_HEADER = YES;
				CLANG_WARN_RANGE_LOOP_ANALYSIS = YES;
				CLANG_WARN_STRICT_PROTOTYPES = YES;
				CLANG_WARN_SUSPICIOUS_MOVE = YES;
				CLANG_WARN_UNGUARDED_AVAILABILITY = YES_AGGRESSIVE;
				CLANG_WARN_UNREACHABLE_CODE = YES;
				CLANG_WARN__DUPLICATE_METHOD_MATCH = YES;
				COPY_PHASE_STRIP = NO;
				DEBUG_INFORMATION_FORMAT = dwarf;
				ENABLE_STRICT_OBJC_MSGSEND = YES;
				ENABLE_TESTABILITY = YES;
				GCC_C_LANGUAGE_STANDARD = gnu11;
				GCC_DYNAMIC_NO_PIC = NO;
				GCC_NO_COMMON_BLOCKS = YES;
				GCC_OPTIMIZATION_LEVEL = 0;
				GCC_PREPROCESSOR_DEFINITIONS = (
					"DEBUG=1",
					"$(inherited)",
				);
				GCC_WARN_64_TO_32_BIT_CONVERSION = YES;
				GCC_WARN_ABOUT_RETURN_TYPE = YES_ERROR;
				GCC_WARN_UNDECLARED_SELECTOR = YES;
				GCC_WARN_UNINITIALIZED_AUTOS = YES_AGGRESSIVE;
				GCC_WARN_UNUSED_FUNCTION = YES;
				GCC_WARN_UNUSED_VARIABLE = YES;
				IPHONEOS_DEPLOYMENT_TARGET = 13.0;
				MTL_ENABLE_DEBUG_INFO = INCLUDE_SOURCE;
				MTL_FAST_MATH = YES;
				ONLY_ACTIVE_ARCH = YES;
				SDKROOT = iphoneos;
				SWIFT_ACTIVE_COMPILATION_CONDITIONS = DEBUG;
				SWIFT_OPTIMIZATION_LEVEL = "-Onone";
			};
			name = Debug;
		};
		B64E60682838AE6C0077FCDA /* Release */ = {
			isa = XCBuildConfiguration;
			buildSettings = {
				ALWAYS_SEARCH_USER_PATHS = NO;
				CLANG_ANALYZER_NONNULL = YES;
				CLANG_ANALYZER_NUMBER_OBJECT_CONVERSION = YES_AGGRESSIVE;
				CLANG_CXX_LANGUAGE_STANDARD = "gnu++17";
				CLANG_CXX_LIBRARY = "libc++";
				CLANG_ENABLE_MODULES = YES;
				CLANG_ENABLE_OBJC_ARC = YES;
				CLANG_ENABLE_OBJC_WEAK = YES;
				CLANG_WARN_BLOCK_CAPTURE_AUTORELEASING = YES;
				CLANG_WARN_BOOL_CONVERSION = YES;
				CLANG_WARN_COMMA = YES;
				CLANG_WARN_CONSTANT_CONVERSION = YES;
				CLANG_WARN_DEPRECATED_OBJC_IMPLEMENTATIONS = YES;
				CLANG_WARN_DIRECT_OBJC_ISA_USAGE = YES_ERROR;
				CLANG_WARN_DOCUMENTATION_COMMENTS = YES;
				CLANG_WARN_EMPTY_BODY = YES;
				CLANG_WARN_ENUM_CONVERSION = YES;
				CLANG_WARN_INFINITE_RECURSION = YES;
				CLANG_WARN_INT_CONVERSION = YES;
				CLANG_WARN_NON_LITERAL_NULL_CONVERSION = YES;
				CLANG_WARN_OBJC_IMPLICIT_RETAIN_SELF = YES;
				CLANG_WARN_OBJC_LITERAL_CONVERSION = YES;
				CLANG_WARN_OBJC_ROOT_CLASS = YES_ERROR;
				CLANG_WARN_QUOTED_INCLUDE_IN_FRAMEWORK_HEADER = YES;
				CLANG_WARN_RANGE_LOOP_ANALYSIS = YES;
				CLANG_WARN_STRICT_PROTOTYPES = YES;
				CLANG_WARN_SUSPICIOUS_MOVE = YES;
				CLANG_WARN_UNGUARDED_AVAILABILITY = YES_AGGRESSIVE;
				CLANG_WARN_UNREACHABLE_CODE = YES;
				CLANG_WARN__DUPLICATE_METHOD_MATCH = YES;
				COPY_PHASE_STRIP = NO;
				DEBUG_INFORMATION_FORMAT = "dwarf-with-dsym";
				ENABLE_NS_ASSERTIONS = NO;
				ENABLE_STRICT_OBJC_MSGSEND = YES;
				GCC_C_LANGUAGE_STANDARD = gnu11;
				GCC_NO_COMMON_BLOCKS = YES;
				GCC_WARN_64_TO_32_BIT_CONVERSION = YES;
				GCC_WARN_ABOUT_RETURN_TYPE = YES_ERROR;
				GCC_WARN_UNDECLARED_SELECTOR = YES;
				GCC_WARN_UNINITIALIZED_AUTOS = YES_AGGRESSIVE;
				GCC_WARN_UNUSED_FUNCTION = YES;
				GCC_WARN_UNUSED_VARIABLE = YES;
				IPHONEOS_DEPLOYMENT_TARGET = 13.0;
				MTL_ENABLE_DEBUG_INFO = NO;
				MTL_FAST_MATH = YES;
				SDKROOT = iphoneos;
				SWIFT_COMPILATION_MODE = wholemodule;
				SWIFT_OPTIMIZATION_LEVEL = "-O";
				VALIDATE_PRODUCT = YES;
			};
			name = Release;
		};
		B64E606A2838AE6C0077FCDA /* Debug */ = {
			isa = XCBuildConfiguration;
			baseConfigurationReference = E731B4E151B6361AEE990CA3 /* Pods-Dpath.debug.xcconfig */;
			buildSettings = {
				ASSETCATALOG_COMPILER_APPICON_NAME = AppIcon;
				ASSETCATALOG_COMPILER_GLOBAL_ACCENT_COLOR_NAME = AccentColor;
				CODE_SIGN_STYLE = Automatic;
				CURRENT_PROJECT_VERSION = 1;
				DEVELOPMENT_TEAM = "";
				GENERATE_INFOPLIST_FILE = YES;
				INFOPLIST_FILE = Dpath/Info.plist;
				INFOPLIST_KEY_UIApplicationSupportsIndirectInputEvents = YES;
				INFOPLIST_KEY_UILaunchStoryboardName = LaunchScreen;
				INFOPLIST_KEY_UISupportedInterfaceOrientations_iPad = "UIInterfaceOrientationPortrait UIInterfaceOrientationPortraitUpsideDown UIInterfaceOrientationLandscapeLeft UIInterfaceOrientationLandscapeRight";
				INFOPLIST_KEY_UISupportedInterfaceOrientations_iPhone = "UIInterfaceOrientationPortrait UIInterfaceOrientationLandscapeLeft UIInterfaceOrientationLandscapeRight";
				LD_RUNPATH_SEARCH_PATHS = (
					"$(inherited)",
					"@executable_path/Frameworks",
				);
				MARKETING_VERSION = 1.0;
				PRODUCT_BUNDLE_IDENTIFIER = com.sangheon.Dpath;
				PRODUCT_NAME = "$(TARGET_NAME)";
				SWIFT_EMIT_LOC_STRINGS = YES;
				SWIFT_VERSION = 5.0;
				TARGETED_DEVICE_FAMILY = "1,2";
			};
			name = Debug;
		};
		B64E606B2838AE6C0077FCDA /* Release */ = {
			isa = XCBuildConfiguration;
			baseConfigurationReference = 2A6EC2B1EFBE1B640A1B85B0 /* Pods-Dpath.release.xcconfig */;
			buildSettings = {
				ASSETCATALOG_COMPILER_APPICON_NAME = AppIcon;
				ASSETCATALOG_COMPILER_GLOBAL_ACCENT_COLOR_NAME = AccentColor;
				CODE_SIGN_STYLE = Automatic;
				CURRENT_PROJECT_VERSION = 1;
				DEVELOPMENT_TEAM = "";
				GENERATE_INFOPLIST_FILE = YES;
				INFOPLIST_FILE = Dpath/Info.plist;
				INFOPLIST_KEY_UIApplicationSupportsIndirectInputEvents = YES;
				INFOPLIST_KEY_UILaunchStoryboardName = LaunchScreen;
				INFOPLIST_KEY_UISupportedInterfaceOrientations_iPad = "UIInterfaceOrientationPortrait UIInterfaceOrientationPortraitUpsideDown UIInterfaceOrientationLandscapeLeft UIInterfaceOrientationLandscapeRight";
				INFOPLIST_KEY_UISupportedInterfaceOrientations_iPhone = "UIInterfaceOrientationPortrait UIInterfaceOrientationLandscapeLeft UIInterfaceOrientationLandscapeRight";
				LD_RUNPATH_SEARCH_PATHS = (
					"$(inherited)",
					"@executable_path/Frameworks",
				);
				MARKETING_VERSION = 1.0;
				PRODUCT_BUNDLE_IDENTIFIER = com.sangheon.Dpath;
				PRODUCT_NAME = "$(TARGET_NAME)";
				SWIFT_EMIT_LOC_STRINGS = YES;
				SWIFT_VERSION = 5.0;
				TARGETED_DEVICE_FAMILY = "1,2";
			};
			name = Release;
		};
/* End XCBuildConfiguration section */

/* Begin XCConfigurationList section */
		B64E60502838AE680077FCDA /* Build configuration list for PBXProject "Dpath" */ = {
			isa = XCConfigurationList;
			buildConfigurations = (
				B64E60672838AE6C0077FCDA /* Debug */,
				B64E60682838AE6C0077FCDA /* Release */,
			);
			defaultConfigurationIsVisible = 0;
			defaultConfigurationName = Release;
		};
		B64E60692838AE6C0077FCDA /* Build configuration list for PBXNativeTarget "Dpath" */ = {
			isa = XCConfigurationList;
			buildConfigurations = (
				B64E606A2838AE6C0077FCDA /* Debug */,
				B64E606B2838AE6C0077FCDA /* Release */,
			);
			defaultConfigurationIsVisible = 0;
			defaultConfigurationName = Release;
		};
/* End XCConfigurationList section */
	};
	rootObject = B64E604D2838AE680077FCDA /* Project object */;
}
