// !$*UTF8*$!
{
	archiveVersion = 1;
	classes = {
	};
	objectVersion = 55;
	objects = {

/* Begin PBXBuildFile section */
		0DA30CD69EBDD500CAB6B54A /* Pods_Dpath.framework in Frameworks */ = {isa = PBXBuildFile; fileRef = 9A8BF2805690827FA1008017 /* Pods_Dpath.framework */; };
		70DAC4D02838C43000A8E169 /* Base in Resources */ = {isa = PBXBuildFile; fileRef = 70DAC4CF2838C43000A8E169 /* Base */; };
		70DAC4D22838C43D00A8E169 /* Base.lproj in Resources */ = {isa = PBXBuildFile; fileRef = 70DAC4D12838C43D00A8E169 /* Base.lproj */; };
		70DAC4D42838C44300A8E169 /* HomeCardViewController.swift in Sources */ = {isa = PBXBuildFile; fileRef = 70DAC4D32838C44300A8E169 /* HomeCardViewController.swift */; };
		70DAC4D72838C4C800A8E169 /* RootViewController.swift in Sources */ = {isa = PBXBuildFile; fileRef = 70DAC4D62838C4C800A8E169 /* RootViewController.swift */; };
		70EEB12E2838CAAE00F21C41 /* CalendarViewController.swift in Sources */ = {isa = PBXBuildFile; fileRef = 70EEB12D2838CAAE00F21C41 /* CalendarViewController.swift */; };
		70EEB1312838CBDB00F21C41 /* CommunityViewController.swift in Sources */ = {isa = PBXBuildFile; fileRef = 70EEB1302838CBDB00F21C41 /* CommunityViewController.swift */; };
		70EEB1332838CE8600F21C41 /* TmpViewController.swift in Sources */ = {isa = PBXBuildFile; fileRef = 70EEB1322838CE8600F21C41 /* TmpViewController.swift */; };
		B64E60592838AE680077FCDA /* AppDelegate.swift in Sources */ = {isa = PBXBuildFile; fileRef = B64E60582838AE680077FCDA /* AppDelegate.swift */; };
		B64E605B2838AE690077FCDA /* SceneDelegate.swift in Sources */ = {isa = PBXBuildFile; fileRef = B64E605A2838AE690077FCDA /* SceneDelegate.swift */; };
		B64E605D2838AE690077FCDA /* ViewController.swift in Sources */ = {isa = PBXBuildFile; fileRef = B64E605C2838AE690077FCDA /* ViewController.swift */; };
		B64E60622838AE6C0077FCDA /* Assets.xcassets in Resources */ = {isa = PBXBuildFile; fileRef = B64E60612838AE6C0077FCDA /* Assets.xcassets */; };
		B64E60652838AE6C0077FCDA /* LaunchScreen.storyboard in Resources */ = {isa = PBXBuildFile; fileRef = B64E60632838AE6C0077FCDA /* LaunchScreen.storyboard */; };
		B64E60712838AF740077FCDA /* Color.swift in Sources */ = {isa = PBXBuildFile; fileRef = B64E606D2838AF730077FCDA /* Color.swift */; };
		B64E60722838AF740077FCDA /* UIViewController.swift in Sources */ = {isa = PBXBuildFile; fileRef = B64E606E2838AF730077FCDA /* UIViewController.swift */; };
		B64E60732838AF740077FCDA /* UIVIew.swift in Sources */ = {isa = PBXBuildFile; fileRef = B64E606F2838AF730077FCDA /* UIVIew.swift */; };
		B64E60742838AF740077FCDA /* Date.swift in Sources */ = {isa = PBXBuildFile; fileRef = B64E60702838AF730077FCDA /* Date.swift */; };
		B64E60762838B6370077FCDA /* IndicatorView.swift in Sources */ = {isa = PBXBuildFile; fileRef = B64E60752838B6370077FCDA /* IndicatorView.swift */; };
		B64E60782838B6490077FCDA /* NetworkManager.swift in Sources */ = {isa = PBXBuildFile; fileRef = B64E60772838B6490077FCDA /* NetworkManager.swift */; };
/* End PBXBuildFile section */

/* Begin PBXFileReference section */
		2A6EC2B1EFBE1B640A1B85B0 /* Pods-Dpath.release.xcconfig */ = {isa = PBXFileReference; includeInIndex = 1; lastKnownFileType = text.xcconfig; name = "Pods-Dpath.release.xcconfig"; path = "Target Support Files/Pods-Dpath/Pods-Dpath.release.xcconfig"; sourceTree = "<group>"; };
		70DAC4CF2838C43000A8E169 /* Base */ = {isa = PBXFileReference; fileEncoding = 4; lastKnownFileType = text; name = Base; path = Dpath/Base; sourceTree = SOURCE_ROOT; };
		70DAC4D12838C43D00A8E169 /* Base.lproj */ = {isa = PBXFileReference; lastKnownFileType = folder; path = Base.lproj; sourceTree = "<group>"; };
		70DAC4D32838C44300A8E169 /* HomeCardViewController.swift */ = {isa = PBXFileReference; fileEncoding = 4; lastKnownFileType = sourcecode.swift; path = HomeCardViewController.swift; sourceTree = "<group>"; };
		70DAC4D62838C4C800A8E169 /* RootViewController.swift */ = {isa = PBXFileReference; lastKnownFileType = sourcecode.swift; path = RootViewController.swift; sourceTree = "<group>"; };
		70EEB12D2838CAAE00F21C41 /* CalendarViewController.swift */ = {isa = PBXFileReference; lastKnownFileType = sourcecode.swift; path = CalendarViewController.swift; sourceTree = "<group>"; };
		70EEB1302838CBDB00F21C41 /* CommunityViewController.swift */ = {isa = PBXFileReference; lastKnownFileType = sourcecode.swift; path = CommunityViewController.swift; sourceTree = "<group>"; };
		70EEB1322838CE8600F21C41 /* TmpViewController.swift */ = {isa = PBXFileReference; lastKnownFileType = sourcecode.swift; path = TmpViewController.swift; sourceTree = "<group>"; };
		9A8BF2805690827FA1008017 /* Pods_Dpath.framework */ = {isa = PBXFileReference; explicitFileType = wrapper.framework; includeInIndex = 0; path = Pods_Dpath.framework; sourceTree = BUILT_PRODUCTS_DIR; };
		B64E60552838AE680077FCDA /* Dpath.app */ = {isa = PBXFileReference; explicitFileType = wrapper.application; includeInIndex = 0; path = Dpath.app; sourceTree = BUILT_PRODUCTS_DIR; };
		B64E60582838AE680077FCDA /* AppDelegate.swift */ = {isa = PBXFileReference; lastKnownFileType = sourcecode.swift; path = AppDelegate.swift; sourceTree = "<group>"; };
		B64E605A2838AE690077FCDA /* SceneDelegate.swift */ = {isa = PBXFileReference; lastKnownFileType = sourcecode.swift; path = SceneDelegate.swift; sourceTree = "<group>"; };
		B64E605C2838AE690077FCDA /* ViewController.swift */ = {isa = PBXFileReference; lastKnownFileType = sourcecode.swift; path = ViewController.swift; sourceTree = "<group>"; };
		B64E60612838AE6C0077FCDA /* Assets.xcassets */ = {isa = PBXFileReference; lastKnownFileType = folder.assetcatalog; path = Assets.xcassets; sourceTree = "<group>"; };
		B64E60642838AE6C0077FCDA /* Base */ = {isa = PBXFileReference; lastKnownFileType = file.storyboard; name = Base; path = Base.lproj/LaunchScreen.storyboard; sourceTree = "<group>"; };
		B64E60662838AE6C0077FCDA /* Info.plist */ = {isa = PBXFileReference; lastKnownFileType = text.plist.xml; path = Info.plist; sourceTree = "<group>"; };
		B64E606D2838AF730077FCDA /* Color.swift */ = {isa = PBXFileReference; fileEncoding = 4; lastKnownFileType = sourcecode.swift; path = Color.swift; sourceTree = "<group>"; };
		B64E606E2838AF730077FCDA /* UIViewController.swift */ = {isa = PBXFileReference; fileEncoding = 4; lastKnownFileType = sourcecode.swift; path = UIViewController.swift; sourceTree = "<group>"; };
		B64E606F2838AF730077FCDA /* UIVIew.swift */ = {isa = PBXFileReference; fileEncoding = 4; lastKnownFileType = sourcecode.swift; path = UIVIew.swift; sourceTree = "<group>"; };
		B64E60702838AF730077FCDA /* Date.swift */ = {isa = PBXFileReference; fileEncoding = 4; lastKnownFileType = sourcecode.swift; path = Date.swift; sourceTree = "<group>"; };
		B64E60752838B6370077FCDA /* IndicatorView.swift */ = {isa = PBXFileReference; fileEncoding = 4; lastKnownFileType = sourcecode.swift; path = IndicatorView.swift; sourceTree = "<group>"; };
		B64E60772838B6490077FCDA /* NetworkManager.swift */ = {isa = PBXFileReference; fileEncoding = 4; lastKnownFileType = sourcecode.swift; path = NetworkManager.swift; sourceTree = "<group>"; };
		E731B4E151B6361AEE990CA3 /* Pods-Dpath.debug.xcconfig */ = {isa = PBXFileReference; includeInIndex = 1; lastKnownFileType = text.xcconfig; name = "Pods-Dpath.debug.xcconfig"; path = "Target Support Files/Pods-Dpath/Pods-Dpath.debug.xcconfig"; sourceTree = "<group>"; };
/* End PBXFileReference section */

/* Begin PBXFrameworksBuildPhase section */
		B64E60522838AE680077FCDA /* Frameworks */ = {
			isa = PBXFrameworksBuildPhase;
			buildActionMask = 2147483647;
			files = (
				0DA30CD69EBDD500CAB6B54A /* Pods_Dpath.framework in Frameworks */,
			);
			runOnlyForDeploymentPostprocessing = 0;
		};
/* End PBXFrameworksBuildPhase section */

/* Begin PBXGroup section */
		2349F0A7376AE651EE6B8F6D /* Frameworks */ = {
			isa = PBXGroup;
			children = (
				9A8BF2805690827FA1008017 /* Pods_Dpath.framework */,
			);
			name = Frameworks;
			sourceTree = "<group>";
		};
		62AC5D2CA0AB84273EB9EF0A /* Pods */ = {
			isa = PBXGroup;
			children = (
				E731B4E151B6361AEE990CA3 /* Pods-Dpath.debug.xcconfig */,
				2A6EC2B1EFBE1B640A1B85B0 /* Pods-Dpath.release.xcconfig */,
			);
			path = Pods;
			sourceTree = "<group>";
		};
		70DAC4D52838C4BD00A8E169 /* ViewController */ = {
			isa = PBXGroup;
			children = (
				70EEB12F2838CBCF00F21C41 /* Community */,
				70DAC4D92838C4F200A8E169 /* Calendar */,
				70DAC4D82838C4ED00A8E169 /* Root */,
			);
			path = ViewController;
			sourceTree = "<group>";
		};
		70DAC4D82838C4ED00A8E169 /* Root */ = {
			isa = PBXGroup;
			children = (
				70DAC4D62838C4C800A8E169 /* RootViewController.swift */,
			);
			path = Root;
			sourceTree = "<group>";
		};
		70DAC4D92838C4F200A8E169 /* Calendar */ = {
			isa = PBXGroup;
			children = (
				70EEB12D2838CAAE00F21C41 /* CalendarViewController.swift */,
			);
			path = Calendar;
			sourceTree = "<group>";
		};
		70EEB12F2838CBCF00F21C41 /* Community */ = {
			isa = PBXGroup;
			children = (
				70EEB1302838CBDB00F21C41 /* CommunityViewController.swift */,
				70EEB1322838CE8600F21C41 /* TmpViewController.swift */,
			);
			path = Community;
			sourceTree = "<group>";
		};
		B64E604C2838AE680077FCDA = {
			isa = PBXGroup;
			children = (
				B64E60572838AE680077FCDA /* Dpath */,
				B64E60562838AE680077FCDA /* Products */,
				62AC5D2CA0AB84273EB9EF0A /* Pods */,
				2349F0A7376AE651EE6B8F6D /* Frameworks */,
			);
			sourceTree = "<group>";
		};
		B64E60562838AE680077FCDA /* Products */ = {
			isa = PBXGroup;
			children = (
				B64E60552838AE680077FCDA /* Dpath.app */,
			);
			name = Products;
			sourceTree = "<group>";
		};
		B64E60572838AE680077FCDA /* Dpath */ = {
			isa = PBXGroup;
			children = (
				70DAC4D52838C4BD00A8E169 /* ViewController */,
				70DAC4D12838C43D00A8E169 /* Base.lproj */,
				70DAC4CF2838C43000A8E169 /* Base */,
				B64E606C2838AF070077FCDA /* Extension */,
				B64E60582838AE680077FCDA /* AppDelegate.swift */,
				B64E605A2838AE690077FCDA /* SceneDelegate.swift */,
				B64E605C2838AE690077FCDA /* ViewController.swift */,
				70DAC4D32838C44300A8E169 /* HomeCardViewController.swift */,
				B64E60612838AE6C0077FCDA /* Assets.xcassets */,
				B64E60632838AE6C0077FCDA /* LaunchScreen.storyboard */,
				B64E60662838AE6C0077FCDA /* Info.plist */,
			);
			path = Dpath;
			sourceTree = "<group>";
		};
		B64E606C2838AF070077FCDA /* Extension */ = {
			isa = PBXGroup;
			children = (
				B64E606D2838AF730077FCDA /* Color.swift */,
				B64E60702838AF730077FCDA /* Date.swift */,
				B64E606F2838AF730077FCDA /* UIVIew.swift */,
				B64E606E2838AF730077FCDA /* UIViewController.swift */,
				B64E60752838B6370077FCDA /* IndicatorView.swift */,
				B64E60772838B6490077FCDA /* NetworkManager.swift */,
			);
			path = Extension;
			sourceTree = "<group>";
		};
/* End PBXGroup section */

/* Begin PBXNativeTarget section */
		B64E60542838AE680077FCDA /* Dpath */ = {
			isa = PBXNativeTarget;
			buildConfigurationList = B64E60692838AE6C0077FCDA /* Build configuration list for PBXNativeTarget "Dpath" */;
			buildPhases = (
				FD2F31D6F7E3829770C1819C /* [CP] Check Pods Manifest.lock */,
				B64E60512838AE680077FCDA /* Sources */,
				B64E60522838AE680077FCDA /* Frameworks */,
				B64E60532838AE680077FCDA /* Resources */,
				08FEA15EA6266215BA816FED /* [CP] Embed Pods Frameworks */,
			);
			buildRules = (
			);
			dependencies = (
			);
			name = Dpath;
			productName = Dpath;
			productReference = B64E60552838AE680077FCDA /* Dpath.app */;
			productType = "com.apple.product-type.application";
		};
/* End PBXNativeTarget section */

/* Begin PBXProject section */
		B64E604D2838AE680077FCDA /* Project object */ = {
			isa = PBXProject;
			attributes = {
				BuildIndependentTargetsInParallel = 1;
				LastSwiftUpdateCheck = 1320;
				LastUpgradeCheck = 1320;
				TargetAttributes = {
					B64E60542838AE680077FCDA = {
						CreatedOnToolsVersion = 13.2.1;
					};
				};
			};
			buildConfigurationList = B64E60502838AE680077FCDA /* Build configuration list for PBXProject "Dpath" */;
			compatibilityVersion = "Xcode 13.0";
			developmentRegion = en;
			hasScannedForEncodings = 0;
			knownRegions = (
				en,
				Base,
			);
			mainGroup = B64E604C2838AE680077FCDA;
			productRefGroup = B64E60562838AE680077FCDA /* Products */;
			projectDirPath = "";
			projectRoot = "";
			targets = (
				B64E60542838AE680077FCDA /* Dpath */,
			);
		};
/* End PBXProject section */

/* Begin PBXResourcesBuildPhase section */
		B64E60532838AE680077FCDA /* Resources */ = {
			isa = PBXResourcesBuildPhase;
			buildActionMask = 2147483647;
			files = (
				B64E60652838AE6C0077FCDA /* LaunchScreen.storyboard in Resources */,
				70DAC4D02838C43000A8E169 /* Base in Resources */,
				70DAC4D22838C43D00A8E169 /* Base.lproj in Resources */,
				B64E60622838AE6C0077FCDA /* Assets.xcassets in Resources */,
			);
			runOnlyForDeploymentPostprocessing = 0;
		};
/* End PBXResourcesBuildPhase section */

/* Begin PBXShellScriptBuildPhase section */
		08FEA15EA6266215BA816FED /* [CP] Embed Pods Frameworks */ = {
			isa = PBXShellScriptBuildPhase;
			buildActionMask = 2147483647;
			files = (
			);
			inputFileListPaths = (
				"${PODS_ROOT}/Target Support Files/Pods-Dpath/Pods-Dpath-frameworks-${CONFIGURATION}-input-files.xcfilelist",
			);
			name = "[CP] Embed Pods Frameworks";
			outputFileListPaths = (
				"${PODS_ROOT}/Target Support Files/Pods-Dpath/Pods-Dpath-frameworks-${CONFIGURATION}-output-files.xcfilelist",
			);
			runOnlyForDeploymentPostprocessing = 0;
			shellPath = /bin/sh;
			shellScript = "\"${PODS_ROOT}/Target Support Files/Pods-Dpath/Pods-Dpath-frameworks.sh\"\n";
			showEnvVarsInLog = 0;
		};
		FD2F31D6F7E3829770C1819C /* [CP] Check Pods Manifest.lock */ = {
			isa = PBXShellScriptBuildPhase;
			buildActionMask = 2147483647;
			files = (
			);
			inputFileListPaths = (
			);
			inputPaths = (
				"${PODS_PODFILE_DIR_PATH}/Podfile.lock",
				"${PODS_ROOT}/Manifest.lock",
			);
			name = "[CP] Check Pods Manifest.lock";
			outputFileListPaths = (
			);
			outputPaths = (
				"$(DERIVED_FILE_DIR)/Pods-Dpath-checkManifestLockResult.txt",
			);
			runOnlyForDeploymentPostprocessing = 0;
			shellPath = /bin/sh;
			shellScript = "diff \"${PODS_PODFILE_DIR_PATH}/Podfile.lock\" \"${PODS_ROOT}/Manifest.lock\" > /dev/null\nif [ $? != 0 ] ; then\n    # print error to STDERR\n    echo \"error: The sandbox is not in sync with the Podfile.lock. Run 'pod install' or update your CocoaPods installation.\" >&2\n    exit 1\nfi\n# This output is used by Xcode 'outputs' to avoid re-running this script phase.\necho \"SUCCESS\" > \"${SCRIPT_OUTPUT_FILE_0}\"\n";
			showEnvVarsInLog = 0;
		};
/* End PBXShellScriptBuildPhase section */

/* Begin PBXSourcesBuildPhase section */
		B64E60512838AE680077FCDA /* Sources */ = {
			isa = PBXSourcesBuildPhase;
			buildActionMask = 2147483647;
			files = (
				70EEB12E2838CAAE00F21C41 /* CalendarViewController.swift in Sources */,
				B64E60782838B6490077FCDA /* NetworkManager.swift in Sources */,
				70EEB1332838CE8600F21C41 /* TmpViewController.swift in Sources */,
				B64E60732838AF740077FCDA /* UIVIew.swift in Sources */,
				B64E605D2838AE690077FCDA /* ViewController.swift in Sources */,
				70DAC4D72838C4C800A8E169 /* RootViewController.swift in Sources */,
				70DAC4D42838C44300A8E169 /* HomeCardViewController.swift in Sources */,
				B64E60742838AF740077FCDA /* Date.swift in Sources */,
				B64E60712838AF740077FCDA /* Color.swift in Sources */,
				B64E60592838AE680077FCDA /* AppDelegate.swift in Sources */,
				70EEB1312838CBDB00F21C41 /* CommunityViewController.swift in Sources */,
				B64E605B2838AE690077FCDA /* SceneDelegate.swift in Sources */,
				B64E60762838B6370077FCDA /* IndicatorView.swift in Sources */,
				B64E60722838AF740077FCDA /* UIViewController.swift in Sources */,
			);
			runOnlyForDeploymentPostprocessing = 0;
		};
/* End PBXSourcesBuildPhase section */

/* Begin PBXVariantGroup section */
		B64E60632838AE6C0077FCDA /* LaunchScreen.storyboard */ = {
			isa = PBXVariantGroup;
			children = (
				B64E60642838AE6C0077FCDA /* Base */,
			);
			name = LaunchScreen.storyboard;
			sourceTree = "<group>";
		};
/* End PBXVariantGroup section */

/* Begin XCBuildConfiguration section */
		B64E60672838AE6C0077FCDA /* Debug */ = {
			isa = XCBuildConfiguration;
			buildSettings = {
				ALWAYS_SEARCH_USER_PATHS = NO;
				CLANG_ANALYZER_NONNULL = YES;
				CLANG_ANALYZER_NUMBER_OBJECT_CONVERSION = YES_AGGRESSIVE;
				CLANG_CXX_LANGUAGE_STANDARD = "gnu++17";
				CLANG_CXX_LIBRARY = "libc++";
				CLANG_ENABLE_MODULES = YES;
				CLANG_ENABLE_OBJC_ARC = YES;
				CLANG_ENABLE_OBJC_WEAK = YES;
				CLANG_WARN_BLOCK_CAPTURE_AUTORELEASING = YES;
				CLANG_WARN_BOOL_CONVERSION = YES;
				CLANG_WARN_COMMA = YES;
				CLANG_WARN_CONSTANT_CONVERSION = YES;
				CLANG_WARN_DEPRECATED_OBJC_IMPLEMENTATIONS = YES;
				CLANG_WARN_DIRECT_OBJC_ISA_USAGE = YES_ERROR;
				CLANG_WARN_DOCUMENTATION_COMMENTS = YES;
				CLANG_WARN_EMPTY_BODY = YES;
				CLANG_WARN_ENUM_CONVERSION = YES;
				CLANG_WARN_INFINITE_RECURSION = YES;
				CLANG_WARN_INT_CONVERSION = YES;
				CLANG_WARN_NON_LITERAL_NULL_CONVERSION = YES;
				CLANG_WARN_OBJC_IMPLICIT_RETAIN_SELF = YES;
				CLANG_WARN_OBJC_LITERAL_CONVERSION = YES;
				CLANG_WARN_OBJC_ROOT_CLASS = YES_ERROR;
				CLANG_WARN_QUOTED_INCLUDE_IN_FRAMEWORK_HEADER = YES;
				CLANG_WARN_RANGE_LOOP_ANALYSIS = YES;
				CLANG_WARN_STRICT_PROTOTYPES = YES;
				CLANG_WARN_SUSPICIOUS_MOVE = YES;
				CLANG_WARN_UNGUARDED_AVAILABILITY = YES_AGGRESSIVE;
				CLANG_WARN_UNREACHABLE_CODE = YES;
				CLANG_WARN__DUPLICATE_METHOD_MATCH = YES;
				COPY_PHASE_STRIP = NO;
				DEBUG_INFORMATION_FORMAT = dwarf;
				ENABLE_STRICT_OBJC_MSGSEND = YES;
				ENABLE_TESTABILITY = YES;
				GCC_C_LANGUAGE_STANDARD = gnu11;
				GCC_DYNAMIC_NO_PIC = NO;
				GCC_NO_COMMON_BLOCKS = YES;
				GCC_OPTIMIZATION_LEVEL = 0;
				GCC_PREPROCESSOR_DEFINITIONS = (
					"DEBUG=1",
					"$(inherited)",
				);
				GCC_WARN_64_TO_32_BIT_CONVERSION = YES;
				GCC_WARN_ABOUT_RETURN_TYPE = YES_ERROR;
				GCC_WARN_UNDECLARED_SELECTOR = YES;
				GCC_WARN_UNINITIALIZED_AUTOS = YES_AGGRESSIVE;
				GCC_WARN_UNUSED_FUNCTION = YES;
				GCC_WARN_UNUSED_VARIABLE = YES;
				IPHONEOS_DEPLOYMENT_TARGET = 13.0;
				MTL_ENABLE_DEBUG_INFO = INCLUDE_SOURCE;
				MTL_FAST_MATH = YES;
				ONLY_ACTIVE_ARCH = YES;
				SDKROOT = iphoneos;
				SWIFT_ACTIVE_COMPILATION_CONDITIONS = DEBUG;
				SWIFT_OPTIMIZATION_LEVEL = "-Onone";
			};
			name = Debug;
		};
		B64E60682838AE6C0077FCDA /* Release */ = {
			isa = XCBuildConfiguration;
			buildSettings = {
				ALWAYS_SEARCH_USER_PATHS = NO;
				CLANG_ANALYZER_NONNULL = YES;
				CLANG_ANALYZER_NUMBER_OBJECT_CONVERSION = YES_AGGRESSIVE;
				CLANG_CXX_LANGUAGE_STANDARD = "gnu++17";
				CLANG_CXX_LIBRARY = "libc++";
				CLANG_ENABLE_MODULES = YES;
				CLANG_ENABLE_OBJC_ARC = YES;
				CLANG_ENABLE_OBJC_WEAK = YES;
				CLANG_WARN_BLOCK_CAPTURE_AUTORELEASING = YES;
				CLANG_WARN_BOOL_CONVERSION = YES;
				CLANG_WARN_COMMA = YES;
				CLANG_WARN_CONSTANT_CONVERSION = YES;
				CLANG_WARN_DEPRECATED_OBJC_IMPLEMENTATIONS = YES;
				CLANG_WARN_DIRECT_OBJC_ISA_USAGE = YES_ERROR;
				CLANG_WARN_DOCUMENTATION_COMMENTS = YES;
				CLANG_WARN_EMPTY_BODY = YES;
				CLANG_WARN_ENUM_CONVERSION = YES;
				CLANG_WARN_INFINITE_RECURSION = YES;
				CLANG_WARN_INT_CONVERSION = YES;
				CLANG_WARN_NON_LITERAL_NULL_CONVERSION = YES;
				CLANG_WARN_OBJC_IMPLICIT_RETAIN_SELF = YES;
				CLANG_WARN_OBJC_LITERAL_CONVERSION = YES;
				CLANG_WARN_OBJC_ROOT_CLASS = YES_ERROR;
				CLANG_WARN_QUOTED_INCLUDE_IN_FRAMEWORK_HEADER = YES;
				CLANG_WARN_RANGE_LOOP_ANALYSIS = YES;
				CLANG_WARN_STRICT_PROTOTYPES = YES;
				CLANG_WARN_SUSPICIOUS_MOVE = YES;
				CLANG_WARN_UNGUARDED_AVAILABILITY = YES_AGGRESSIVE;
				CLANG_WARN_UNREACHABLE_CODE = YES;
				CLANG_WARN__DUPLICATE_METHOD_MATCH = YES;
				COPY_PHASE_STRIP = NO;
				DEBUG_INFORMATION_FORMAT = "dwarf-with-dsym";
				ENABLE_NS_ASSERTIONS = NO;
				ENABLE_STRICT_OBJC_MSGSEND = YES;
				GCC_C_LANGUAGE_STANDARD = gnu11;
				GCC_NO_COMMON_BLOCKS = YES;
				GCC_WARN_64_TO_32_BIT_CONVERSION = YES;
				GCC_WARN_ABOUT_RETURN_TYPE = YES_ERROR;
				GCC_WARN_UNDECLARED_SELECTOR = YES;
				GCC_WARN_UNINITIALIZED_AUTOS = YES_AGGRESSIVE;
				GCC_WARN_UNUSED_FUNCTION = YES;
				GCC_WARN_UNUSED_VARIABLE = YES;
				IPHONEOS_DEPLOYMENT_TARGET = 13.0;
				MTL_ENABLE_DEBUG_INFO = NO;
				MTL_FAST_MATH = YES;
				SDKROOT = iphoneos;
				SWIFT_COMPILATION_MODE = wholemodule;
				SWIFT_OPTIMIZATION_LEVEL = "-O";
				VALIDATE_PRODUCT = YES;
			};
			name = Release;
		};
		B64E606A2838AE6C0077FCDA /* Debug */ = {
			isa = XCBuildConfiguration;
			baseConfigurationReference = E731B4E151B6361AEE990CA3 /* Pods-Dpath.debug.xcconfig */;
			buildSettings = {
				ASSETCATALOG_COMPILER_APPICON_NAME = AppIcon;
				ASSETCATALOG_COMPILER_GLOBAL_ACCENT_COLOR_NAME = AccentColor;
				CODE_SIGN_STYLE = Automatic;
				CURRENT_PROJECT_VERSION = 1;
				DEVELOPMENT_TEAM = "";
				GENERATE_INFOPLIST_FILE = YES;
				INFOPLIST_FILE = Dpath/Info.plist;
				INFOPLIST_KEY_UIApplicationSupportsIndirectInputEvents = YES;
				INFOPLIST_KEY_UILaunchStoryboardName = LaunchScreen;
				INFOPLIST_KEY_UISupportedInterfaceOrientations_iPad = "UIInterfaceOrientationPortrait UIInterfaceOrientationPortraitUpsideDown UIInterfaceOrientationLandscapeLeft UIInterfaceOrientationLandscapeRight";
				INFOPLIST_KEY_UISupportedInterfaceOrientations_iPhone = "UIInterfaceOrientationPortrait UIInterfaceOrientationLandscapeLeft UIInterfaceOrientationLandscapeRight";
				LD_RUNPATH_SEARCH_PATHS = (
					"$(inherited)",
					"@executable_path/Frameworks",
				);
				MARKETING_VERSION = 1.0;
				PRODUCT_BUNDLE_IDENTIFIER = com.sangheon.Dpath;
				PRODUCT_NAME = "$(TARGET_NAME)";
				SWIFT_EMIT_LOC_STRINGS = YES;
				SWIFT_VERSION = 5.0;
				TARGETED_DEVICE_FAMILY = "1,2";
			};
			name = Debug;
		};
		B64E606B2838AE6C0077FCDA /* Release */ = {
			isa = XCBuildConfiguration;
			baseConfigurationReference = 2A6EC2B1EFBE1B640A1B85B0 /* Pods-Dpath.release.xcconfig */;
			buildSettings = {
				ASSETCATALOG_COMPILER_APPICON_NAME = AppIcon;
				ASSETCATALOG_COMPILER_GLOBAL_ACCENT_COLOR_NAME = AccentColor;
				CODE_SIGN_STYLE = Automatic;
				CURRENT_PROJECT_VERSION = 1;
				DEVELOPMENT_TEAM = "";
				GENERATE_INFOPLIST_FILE = YES;
				INFOPLIST_FILE = Dpath/Info.plist;
				INFOPLIST_KEY_UIApplicationSupportsIndirectInputEvents = YES;
				INFOPLIST_KEY_UILaunchStoryboardName = LaunchScreen;
				INFOPLIST_KEY_UISupportedInterfaceOrientations_iPad = "UIInterfaceOrientationPortrait UIInterfaceOrientationPortraitUpsideDown UIInterfaceOrientationLandscapeLeft UIInterfaceOrientationLandscapeRight";
				INFOPLIST_KEY_UISupportedInterfaceOrientations_iPhone = "UIInterfaceOrientationPortrait UIInterfaceOrientationLandscapeLeft UIInterfaceOrientationLandscapeRight";
				LD_RUNPATH_SEARCH_PATHS = (
					"$(inherited)",
					"@executable_path/Frameworks",
				);
				MARKETING_VERSION = 1.0;
				PRODUCT_BUNDLE_IDENTIFIER = com.sangheon.Dpath;
				PRODUCT_NAME = "$(TARGET_NAME)";
				SWIFT_EMIT_LOC_STRINGS = YES;
				SWIFT_VERSION = 5.0;
				TARGETED_DEVICE_FAMILY = "1,2";
			};
			name = Release;
		};
/* End XCBuildConfiguration section */

/* Begin XCConfigurationList section */
		B64E60502838AE680077FCDA /* Build configuration list for PBXProject "Dpath" */ = {
			isa = XCConfigurationList;
			buildConfigurations = (
				B64E60672838AE6C0077FCDA /* Debug */,
				B64E60682838AE6C0077FCDA /* Release */,
			);
			defaultConfigurationIsVisible = 0;
			defaultConfigurationName = Release;
		};
		B64E60692838AE6C0077FCDA /* Build configuration list for PBXNativeTarget "Dpath" */ = {
			isa = XCConfigurationList;
			buildConfigurations = (
				B64E606A2838AE6C0077FCDA /* Debug */,
				B64E606B2838AE6C0077FCDA /* Release */,
			);
			defaultConfigurationIsVisible = 0;
			defaultConfigurationName = Release;
		};
/* End XCConfigurationList section */
	};
	rootObject = B64E604D2838AE680077FCDA /* Project object */;
}
